
Microsoft Visual Studio Solution File, Format Version 12.00
# Visual Studio 15
VisualStudioVersion = 15.0.27703.2026
MinimumVisualStudioVersion = 10.0.40219.1
Project("{FAE04EC0-301F-11D3-BF4B-00C04F79EFBC}") = "OnlineShop.Web", "OnlineShop.Web\OnlineShop.Web.csproj", "{F190C57B-860E-41F6-A979-4C05F6837C8C}"
EndProject
Project("{FAE04EC0-301F-11D3-BF4B-00C04F79EFBC}") = "OnlineShop.Web.Tests", "OnlineShop.Web.Tests\OnlineShop.Web.Tests.csproj", "{8BAA1470-C9A3-4036-BDE3-7819F22F0476}"
EndProject
Project("{FAE04EC0-301F-11D3-BF4B-00C04F79EFBC}") = "OnlineShop.Common", "OnlineShop.Common\OnlineShop.Common.csproj", "{7B81D95D-D09B-4C39-AA0F-33BE36245086}"
EndProject
Project("{FAE04EC0-301F-11D3-BF4B-00C04F79EFBC}") = "OnlineShop.Service", "OnlineShop.Service\OnlineShop.Service.csproj", "{0873C5FE-8D53-4587-8183-DC99275A089F}"
EndProject
Project("{FAE04EC0-301F-11D3-BF4B-00C04F79EFBC}") = "OnlineShop.Model", "OnlineShop.Model\OnlineShop.Model.csproj", "{D8748B49-7564-46E6-B8FA-C7112AD724BD}"
EndProject
Project("{FAE04EC0-301F-11D3-BF4B-00C04F79EFBC}") = "OnlineShop.Data", "OnlineShop.Data\OnlineShop.Data.csproj", "{0845058E-7A87-4A39-9B7B-A4C19128D30A}"
EndProject
Global
	GlobalSection(SolutionConfigurationPlatforms) = preSolution
		Debug|Any CPU = Debug|Any CPU
		Release|Any CPU = Release|Any CPU
	EndGlobalSection
	GlobalSection(ProjectConfigurationPlatforms) = postSolution
		{F190C57B-860E-41F6-A979-4C05F6837C8C}.Debug|Any CPU.ActiveCfg = Debug|Any CPU
		{F190C57B-860E-41F6-A979-4C05F6837C8C}.Debug|Any CPU.Build.0 = Debug|Any CPU
		{F190C57B-860E-41F6-A979-4C05F6837C8C}.Release|Any CPU.ActiveCfg = Release|Any CPU
		{F190C57B-860E-41F6-A979-4C05F6837C8C}.Release|Any CPU.Build.0 = Release|Any CPU
		{8BAA1470-C9A3-4036-BDE3-7819F22F0476}.Debug|Any CPU.ActiveCfg = Debug|Any CPU
		{8BAA1470-C9A3-4036-BDE3-7819F22F0476}.Debug|Any CPU.Build.0 = Debug|Any CPU
		{8BAA1470-C9A3-4036-BDE3-7819F22F0476}.Release|Any CPU.ActiveCfg = Release|Any CPU
		{8BAA1470-C9A3-4036-BDE3-7819F22F0476}.Release|Any CPU.Build.0 = Release|Any CPU
		{7B81D95D-D09B-4C39-AA0F-33BE36245086}.Debug|Any CPU.ActiveCfg = Debug|Any CPU
		{7B81D95D-D09B-4C39-AA0F-33BE36245086}.Debug|Any CPU.Build.0 = Debug|Any CPU
		{7B81D95D-D09B-4C39-AA0F-33BE36245086}.Release|Any CPU.ActiveCfg = Release|Any CPU
		{7B81D95D-D09B-4C39-AA0F-33BE36245086}.Release|Any CPU.Build.0 = Release|Any CPU
		{0873C5FE-8D53-4587-8183-DC99275A089F}.Debug|Any CPU.ActiveCfg = Debug|Any CPU
		{0873C5FE-8D53-4587-8183-DC99275A089F}.Debug|Any CPU.Build.0 = Debug|Any CPU
		{0873C5FE-8D53-4587-8183-DC99275A089F}.Release|Any CPU.ActiveCfg = Release|Any CPU
		{0873C5FE-8D53-4587-8183-DC99275A089F}.Release|Any CPU.Build.0 = Release|Any CPU
		{D8748B49-7564-46E6-B8FA-C7112AD724BD}.Debug|Any CPU.ActiveCfg = Debug|Any CPU
		{D8748B49-7564-46E6-B8FA-C7112AD724BD}.Debug|Any CPU.Build.0 = Debug|Any CPU
		{D8748B49-7564-46E6-B8FA-C7112AD724BD}.Release|Any CPU.ActiveCfg = Release|Any CPU
		{D8748B49-7564-46E6-B8FA-C7112AD724BD}.Release|Any CPU.Build.0 = Release|Any CPU
		{0845058E-7A87-4A39-9B7B-A4C19128D30A}.Debug|Any CPU.ActiveCfg = Debug|Any CPU
		{0845058E-7A87-4A39-9B7B-A4C19128D30A}.Debug|Any CPU.Build.0 = Debug|Any CPU
		{0845058E-7A87-4A39-9B7B-A4C19128D30A}.Release|Any CPU.ActiveCfg = Release|Any CPU
		{0845058E-7A87-4A39-9B7B-A4C19128D30A}.Release|Any CPU.Build.0 = Release|Any CPU
	EndGlobalSection
	GlobalSection(SolutionProperties) = preSolution
		HideSolutionNode = FALSE
	EndGlobalSection
	GlobalSection(ExtensibilityGlobals) = postSolution
		SolutionGuid = {9D4631C0-B7B9-457C-8845-22ECD8EDADC2}
	EndGlobalSection
EndGlobal
